
Microsoft Visual Studio Solution File, Format Version 12.00
# Visual Studio Version 16
VisualStudioVersion = 16.0.29924.181
MinimumVisualStudioVersion = 10.0.40219.1
Project("{9A19103F-16F7-4668-BE54-9A1E7A4F7556}") = "MxML Parser", "MxML Parser\MxML Parser.csproj", "{FD339F53-6C80-4730-8178-C0F739A19CD5}"
EndProject
Project("{9A19103F-16F7-4668-BE54-9A1E7A4F7556}") = "BlazorSampleApplication", "BlazorSampleApplication\BlazorSampleApplication.csproj", "{09B400D8-1493-4FF1-8AF1-3CE7998F2AEA}"
EndProject
Project("{9A19103F-16F7-4668-BE54-9A1E7A4F7556}") = "mxComponents", "mxComponents\mxComponents.csproj", "{D7B7AA9F-9296-4F3D-B078-D6FFE58A5E03}"
EndProject
Global
	GlobalSection(SolutionConfigurationPlatforms) = preSolution
		Debug|Any CPU = Debug|Any CPU
		Release|Any CPU = Release|Any CPU
	EndGlobalSection
	GlobalSection(ProjectConfigurationPlatforms) = postSolution
		{FD339F53-6C80-4730-8178-C0F739A19CD5}.Debug|Any CPU.ActiveCfg = Debug|Any CPU
		{FD339F53-6C80-4730-8178-C0F739A19CD5}.Debug|Any CPU.Build.0 = Debug|Any CPU
		{FD339F53-6C80-4730-8178-C0F739A19CD5}.Release|Any CPU.ActiveCfg = Release|Any CPU
		{FD339F53-6C80-4730-8178-C0F739A19CD5}.Release|Any CPU.Build.0 = Release|Any CPU
		{09B400D8-1493-4FF1-8AF1-3CE7998F2AEA}.Debug|Any CPU.ActiveCfg = Debug|Any CPU
		{09B400D8-1493-4FF1-8AF1-3CE7998F2AEA}.Debug|Any CPU.Build.0 = Debug|Any CPU
		{09B400D8-1493-4FF1-8AF1-3CE7998F2AEA}.Release|Any CPU.ActiveCfg = Release|Any CPU
		{09B400D8-1493-4FF1-8AF1-3CE7998F2AEA}.Release|Any CPU.Build.0 = Release|Any CPU
		{D7B7AA9F-9296-4F3D-B078-D6FFE58A5E03}.Debug|Any CPU.ActiveCfg = Debug|Any CPU
		{D7B7AA9F-9296-4F3D-B078-D6FFE58A5E03}.Debug|Any CPU.Build.0 = Debug|Any CPU
		{D7B7AA9F-9296-4F3D-B078-D6FFE58A5E03}.Release|Any CPU.ActiveCfg = Release|Any CPU
		{D7B7AA9F-9296-4F3D-B078-D6FFE58A5E03}.Release|Any CPU.Build.0 = Release|Any CPU
	EndGlobalSection
	GlobalSection(SolutionProperties) = preSolution
		HideSolutionNode = FALSE
	EndGlobalSection
	GlobalSection(ExtensibilityGlobals) = postSolution
		SolutionGuid = {2548DF24-6E61-4D1E-8CAA-90DC1E8A01FA}
	EndGlobalSection
EndGlobal
